schema: '2.0'
stages:
  data_ingestion:
    cmd: python src/data/data_ingestion.py
    deps:
    - path: src/data/data_ingestion.py
      hash: md5
      md5: 17e643086f24ceeafa06c711a56cfea5
      size: 3397
    params:
      params.yaml:
        data_ingestion.test_size: 0.3
    outs:
    - path: data/raw
      hash: md5
      md5: 3b1dad6f82632c98b34622e49f608476.dir
      size: 649243
      nfiles: 2
  data_preprocessing:
    cmd: python src/data/data_preprocessing.py
    deps:
    - path: data/raw
      hash: md5
      md5: 3b1dad6f82632c98b34622e49f608476.dir
      size: 649243
      nfiles: 2
    - path: src/data/data_preprocessing.py
      hash: md5
      md5: a0d0986f1695b3e851d0f37dad4451b8
      size: 2909
    outs:
    - path: data/interim
      hash: md5
      md5: 4136aee7d8dd0bac648c2d408da12951.dir
      size: 401173
      nfiles: 2
  feature_engineering:
    cmd: python src/features/feature_engineering.py
    deps:
    - path: data/interim
      hash: md5
      md5: 4136aee7d8dd0bac648c2d408da12951.dir
      size: 401173
      nfiles: 2
    - path: src/features/feature_engineering.py
      hash: md5
      md5: cfaf71fa8bd1fae8af5abc3cbbe3387b
      size: 3447
    params:
      params.yaml:
        feature_engineering.max_features: 50
    outs:
    - path: data/processed
      hash: md5
      md5: 8921687d44f532d98b5f48d8436c5557.dir
      size: 51883
      nfiles: 2
    - path: models/vectorizer.pkl
      hash: md5
      md5: e79707e5f35a58906c679a8b1debd75c
      size: 1663
  model_building:
    cmd: python src/model/model_building.py
    deps:
    - path: data/processed
      hash: md5
      md5: 8921687d44f532d98b5f48d8436c5557.dir
      size: 51883
      nfiles: 2
    - path: src/model/model_building.py
      hash: md5
      md5: 5262c77711462ba3ee484a3828aa413f
      size: 1859
    outs:
    - path: models/model.pkl
      hash: md5
      md5: 02fdf1be3dd4c00eaa7fbbc09dddeaae
      size: 1114
  model_evaluation:
    cmd: python src/model/model_evaluation.py
    deps:
    - path: models/model.pkl
      hash: md5
      md5: 02fdf1be3dd4c00eaa7fbbc09dddeaae
      size: 1114
    - path: src/model/model_evaluation.py
      hash: md5
      md5: 7765067f6f73a0af148ccf72c2ff6cce
      size: 5574
    outs:
    - path: reports/experiment_info.json
      hash: md5
      md5: 205fd5b889dccca5c1426b1e1d2b64e4
      size: 82
    - path: reports/metrics.json
      hash: md5
      md5: 0627ffc3c5640c25a298c0dab32b3d3f
      size: 131
  model_registration:
    cmd: python src/model/register_model.py
    deps:
    - path: reports/experiment_info.json
      hash: md5
      md5: 205fd5b889dccca5c1426b1e1d2b64e4
      size: 82
    - path: src/model/register_model.py
      hash: md5
      md5: 87def0281e2a51e2b66e00bed3538176
      size: 3156
